{
  "name": "myproject",
  "version": "1.0.0",
  "lockfileVersion": 1,
  "requires": true,
  "dependencies": {
    "@types/webappsec-credential-management": {
      "version": "0.3.5",
      "resolved": "https://registry.npmjs.org/@types/webappsec-credential-management/-/webappsec-credential-management-0.3.5.tgz",
      "integrity": "sha512-mbPvWDg6JGjE/n3224wu7bXTDoUp+9z9taREASJR2ZTQaKsXmcdEwAT9JCIpwKGTCfeEP8e5FGpufWLR5040Vg==",
      "dev": true
    }
  }
}
